{
  "name": "ad-hoc-manifesto",
  "version": "1.0.0",
  "lockfileVersion": 1,
  "requires": true,
  "dependencies": {
    "@marxian/reveal-chromalay": {
      "version": "1.0.0",
      "resolved": "https://registry.npmjs.org/@marxian/reveal-chromalay/-/reveal-chromalay-1.0.0.tgz",
      "integrity": "sha512-Xr+vXPHbfnIfEkDnZ9cIg0qU4DiVIpAz5V3mlCXAvgGGJsYGug9a1FWmwwbkTlPcjIWk4tcCMaYC3C6jSxTVfw=="
    },
    "reveal.js": {
      "version": "3.6.0",
      "resolved": "https://registry.npmjs.org/reveal.js/-/reveal.js-3.6.0.tgz",
      "integrity": "sha512-ZhXBWoDiaNySAJgs3XqmkHTmjR3Dkkhyy89VY8PLzXBDwNhP7ZEGtBT1H3xJRCEGOD4ScLJBbU75PRiPLQgWgw=="
    }
  }
}
